{
  "object": {
    "pins": [
      {
        "package": "SwiftAdditions",
        "repositoryURL": "https://github.com/MaddTheSane/SwiftMacTypes.git",
        "state": {
          "branch": null,
          "revision": "42ebfc2a1207f4d497fc193e75fb5f2470664cc3",
          "version": "1.0.0"
        }
      }
    ]
  },
  "version": 1
}
