// !$*UTF8*$!
{
	archiveVersion = 1;
	classes = {
	};
	objectVersion = 46;
	objects = {

/* Begin PBXBuildFile section */
		83D1DCE71AACEF84007915C2 /* FunctionalDSP.h in Headers */ = {isa = PBXBuildFile; fileRef = 83D1DCE61AACEF84007915C2 /* FunctionalDSP.h */; settings = {ATTRIBUTES = (Public, ); }; };
		83D1DCED1AACEF84007915C2 /* FunctionalDSP.framework in Frameworks */ = {isa = PBXBuildFile; fileRef = 83D1DCE11AACEF84007915C2 /* FunctionalDSP.framework */; };
		83D1DCF41AACEF84007915C2 /* FunctionalDSPTests.swift in Sources */ = {isa = PBXBuildFile; fileRef = 83D1DCF31AACEF84007915C2 /* FunctionalDSPTests.swift */; };
		83D1DCFE1AACEFA0007915C2 /* FunctionalDSP.swift in Sources */ = {isa = PBXBuildFile; fileRef = 83D1DCFD1AACEFA0007915C2 /* FunctionalDSP.swift */; };
		83D1DD001AACF1AD007915C2 /* AudioFileIO.swift in Sources */ = {isa = PBXBuildFile; fileRef = 83D1DCFF1AACF1AD007915C2 /* AudioFileIO.swift */; };
		83D1DD021AAD1E54007915C2 /* CoreAudio.framework in Frameworks */ = {isa = PBXBuildFile; fileRef = 83D1DD011AAD1E54007915C2 /* CoreAudio.framework */; };
		83D1DD051AAD1F30007915C2 /* AudioToolbox.framework in Frameworks */ = {isa = PBXBuildFile; fileRef = 83D1DD041AAD1F30007915C2 /* AudioToolbox.framework */; };
		83D1DD061AAD1F3E007915C2 /* AudioToolbox.framework in Frameworks */ = {isa = PBXBuildFile; fileRef = 83D1DD041AAD1F30007915C2 /* AudioToolbox.framework */; };
		83D1DD071AAD1FA4007915C2 /* CoreAudio.framework in Frameworks */ = {isa = PBXBuildFile; fileRef = 83D1DD011AAD1E54007915C2 /* CoreAudio.framework */; };
		83D1DD0E1AAD213A007915C2 /* libswiftCoreAudio.dylib in CopyFiles */ = {isa = PBXBuildFile; fileRef = 83D1DD0D1AAD213A007915C2 /* libswiftCoreAudio.dylib */; settings = {ATTRIBUTES = (CodeSignOnCopy, ); }; };
		83E8D5D81ADD455100B3DC9F /* Blocks.swift in Sources */ = {isa = PBXBuildFile; fileRef = 83E8D5D71ADD455100B3DC9F /* Blocks.swift */; };
		83E8D5DC1ADDB4B100B3DC9F /* AudioEngine.swift in Sources */ = {isa = PBXBuildFile; fileRef = 83E8D5DB1ADDB4B100B3DC9F /* AudioEngine.swift */; };
		83E8D5E71ADDC82A00B3DC9F /* AppDelegate.swift in Sources */ = {isa = PBXBuildFile; fileRef = 83E8D5E61ADDC82A00B3DC9F /* AppDelegate.swift */; };
		83E8D5E91ADDC82A00B3DC9F /* ViewController.swift in Sources */ = {isa = PBXBuildFile; fileRef = 83E8D5E81ADDC82A00B3DC9F /* ViewController.swift */; };
		83E8D5EB1ADDC82A00B3DC9F /* Images.xcassets in Resources */ = {isa = PBXBuildFile; fileRef = 83E8D5EA1ADDC82A00B3DC9F /* Images.xcassets */; };
		83E8D5EE1ADDC82A00B3DC9F /* Main.storyboard in Resources */ = {isa = PBXBuildFile; fileRef = 83E8D5EC1ADDC82A00B3DC9F /* Main.storyboard */; };
		83E8D5FA1ADDC82B00B3DC9F /* TestPlaybackTests.swift in Sources */ = {isa = PBXBuildFile; fileRef = 83E8D5F91ADDC82B00B3DC9F /* TestPlaybackTests.swift */; };
		83F476FF1AADD14500001FDC /* Utilities.swift in Sources */ = {isa = PBXBuildFile; fileRef = 83F476FE1AADD14500001FDC /* Utilities.swift */; };
/* End PBXBuildFile section */

/* Begin PBXContainerItemProxy section */
		83D1DCEE1AACEF84007915C2 /* PBXContainerItemProxy */ = {
			isa = PBXContainerItemProxy;
			containerPortal = 83D1DCD81AACEF83007915C2 /* Project object */;
			proxyType = 1;
			remoteGlobalIDString = 83D1DCE01AACEF84007915C2;
			remoteInfo = FunctionalDSP;
		};
		83E8D5F41ADDC82A00B3DC9F /* PBXContainerItemProxy */ = {
			isa = PBXContainerItemProxy;
			containerPortal = 83D1DCD81AACEF83007915C2 /* Project object */;
			proxyType = 1;
			remoteGlobalIDString = 83E8D5E11ADDC82A00B3DC9F;
			remoteInfo = TestPlayback;
		};
/* End PBXContainerItemProxy section */

/* Begin PBXCopyFilesBuildPhase section */
		83D1DD0C1AAD212B007915C2 /* CopyFiles */ = {
			isa = PBXCopyFilesBuildPhase;
			buildActionMask = 2147483647;
			dstPath = "";
			dstSubfolderSpec = 10;
			files = (
				83D1DD0E1AAD213A007915C2 /* libswiftCoreAudio.dylib in CopyFiles */,
			);
			runOnlyForDeploymentPostprocessing = 0;
		};
/* End PBXCopyFilesBuildPhase section */

/* Begin PBXFileReference section */
		83D1DCE11AACEF84007915C2 /* FunctionalDSP.framework */ = {isa = PBXFileReference; explicitFileType = wrapper.framework; includeInIndex = 0; path = FunctionalDSP.framework; sourceTree = BUILT_PRODUCTS_DIR; };
		83D1DCE51AACEF84007915C2 /* Info.plist */ = {isa = PBXFileReference; lastKnownFileType = text.plist.xml; path = Info.plist; sourceTree = "<group>"; };
		83D1DCE61AACEF84007915C2 /* FunctionalDSP.h */ = {isa = PBXFileReference; lastKnownFileType = sourcecode.c.h; path = FunctionalDSP.h; sourceTree = "<group>"; };
		83D1DCEC1AACEF84007915C2 /* FunctionalDSPTests.xctest */ = {isa = PBXFileReference; explicitFileType = wrapper.cfbundle; includeInIndex = 0; path = FunctionalDSPTests.xctest; sourceTree = BUILT_PRODUCTS_DIR; };
		83D1DCF21AACEF84007915C2 /* Info.plist */ = {isa = PBXFileReference; lastKnownFileType = text.plist.xml; path = Info.plist; sourceTree = "<group>"; };
		83D1DCF31AACEF84007915C2 /* FunctionalDSPTests.swift */ = {isa = PBXFileReference; lastKnownFileType = sourcecode.swift; path = FunctionalDSPTests.swift; sourceTree = "<group>"; };
		83D1DCFD1AACEFA0007915C2 /* FunctionalDSP.swift */ = {isa = PBXFileReference; fileEncoding = 4; lastKnownFileType = sourcecode.swift; path = FunctionalDSP.swift; sourceTree = "<group>"; };
		83D1DCFF1AACF1AD007915C2 /* AudioFileIO.swift */ = {isa = PBXFileReference; fileEncoding = 4; lastKnownFileType = sourcecode.swift; path = AudioFileIO.swift; sourceTree = "<group>"; };
		83D1DD011AAD1E54007915C2 /* CoreAudio.framework */ = {isa = PBXFileReference; lastKnownFileType = wrapper.framework; name = CoreAudio.framework; path = System/Library/Frameworks/CoreAudio.framework; sourceTree = SDKROOT; };
		83D1DD041AAD1F30007915C2 /* AudioToolbox.framework */ = {isa = PBXFileReference; lastKnownFileType = wrapper.framework; name = AudioToolbox.framework; path = System/Library/Frameworks/AudioToolbox.framework; sourceTree = SDKROOT; };
		83D1DD0D1AAD213A007915C2 /* libswiftCoreAudio.dylib */ = {isa = PBXFileReference; lastKnownFileType = "compiled.mach-o.dylib"; name = libswiftCoreAudio.dylib; path = Toolchains/XcodeDefault.xctoolchain/usr/lib/swift/macosx/libswiftCoreAudio.dylib; sourceTree = DEVELOPER_DIR; };
		83E8D5D71ADD455100B3DC9F /* Blocks.swift */ = {isa = PBXFileReference; fileEncoding = 4; lastKnownFileType = sourcecode.swift; path = Blocks.swift; sourceTree = "<group>"; };
		83E8D5DB1ADDB4B100B3DC9F /* AudioEngine.swift */ = {isa = PBXFileReference; fileEncoding = 4; lastKnownFileType = sourcecode.swift; path = AudioEngine.swift; sourceTree = "<group>"; };
		83E8D5DD1ADDC65E00B3DC9F /* PlaybackPlayground.playground */ = {isa = PBXFileReference; lastKnownFileType = file.playground; name = PlaybackPlayground.playground; path = FunctionalDSPTests/PlaybackPlayground.playground; sourceTree = SOURCE_ROOT; };
		83E8D5E21ADDC82A00B3DC9F /* TestPlayback.app */ = {isa = PBXFileReference; explicitFileType = wrapper.application; includeInIndex = 0; path = TestPlayback.app; sourceTree = BUILT_PRODUCTS_DIR; };
		83E8D5E51ADDC82A00B3DC9F /* Info.plist */ = {isa = PBXFileReference; lastKnownFileType = text.plist.xml; path = Info.plist; sourceTree = "<group>"; };
		83E8D5E61ADDC82A00B3DC9F /* AppDelegate.swift */ = {isa = PBXFileReference; lastKnownFileType = sourcecode.swift; path = AppDelegate.swift; sourceTree = "<group>"; };
		83E8D5E81ADDC82A00B3DC9F /* ViewController.swift */ = {isa = PBXFileReference; lastKnownFileType = sourcecode.swift; path = ViewController.swift; sourceTree = "<group>"; };
		83E8D5EA1ADDC82A00B3DC9F /* Images.xcassets */ = {isa = PBXFileReference; lastKnownFileType = folder.assetcatalog; path = Images.xcassets; sourceTree = "<group>"; };
		83E8D5ED1ADDC82A00B3DC9F /* Base */ = {isa = PBXFileReference; lastKnownFileType = file.storyboard; name = Base; path = Base.lproj/Main.storyboard; sourceTree = "<group>"; };
		83E8D5F31ADDC82A00B3DC9F /* TestPlaybackTests.xctest */ = {isa = PBXFileReference; explicitFileType = wrapper.cfbundle; includeInIndex = 0; path = TestPlaybackTests.xctest; sourceTree = BUILT_PRODUCTS_DIR; };
		83E8D5F81ADDC82B00B3DC9F /* Info.plist */ = {isa = PBXFileReference; lastKnownFileType = text.plist.xml; path = Info.plist; sourceTree = "<group>"; };
		83E8D5F91ADDC82B00B3DC9F /* TestPlaybackTests.swift */ = {isa = PBXFileReference; lastKnownFileType = sourcecode.swift; path = TestPlaybackTests.swift; sourceTree = "<group>"; };
		83F476FE1AADD14500001FDC /* Utilities.swift */ = {isa = PBXFileReference; fileEncoding = 4; lastKnownFileType = sourcecode.swift; path = Utilities.swift; sourceTree = "<group>"; };
/* End PBXFileReference section */

/* Begin PBXFrameworksBuildPhase section */
		83D1DCDD1AACEF84007915C2 /* Frameworks */ = {
			isa = PBXFrameworksBuildPhase;
			buildActionMask = 2147483647;
			files = (
				83D1DD051AAD1F30007915C2 /* AudioToolbox.framework in Frameworks */,
				83D1DD021AAD1E54007915C2 /* CoreAudio.framework in Frameworks */,
			);
			runOnlyForDeploymentPostprocessing = 0;
		};
		83D1DCE91AACEF84007915C2 /* Frameworks */ = {
			isa = PBXFrameworksBuildPhase;
			buildActionMask = 2147483647;
			files = (
				83D1DD071AAD1FA4007915C2 /* CoreAudio.framework in Frameworks */,
				83D1DD061AAD1F3E007915C2 /* AudioToolbox.framework in Frameworks */,
				83D1DCED1AACEF84007915C2 /* FunctionalDSP.framework in Frameworks */,
			);
			runOnlyForDeploymentPostprocessing = 0;
		};
		83E8D5DF1ADDC82A00B3DC9F /* Frameworks */ = {
			isa = PBXFrameworksBuildPhase;
			buildActionMask = 2147483647;
			files = (
			);
			runOnlyForDeploymentPostprocessing = 0;
		};
		83E8D5F01ADDC82A00B3DC9F /* Frameworks */ = {
			isa = PBXFrameworksBuildPhase;
			buildActionMask = 2147483647;
			files = (
			);
			runOnlyForDeploymentPostprocessing = 0;
		};
/* End PBXFrameworksBuildPhase section */

/* Begin PBXGroup section */
		83D1DCD71AACEF83007915C2 = {
			isa = PBXGroup;
			children = (
				83D1DD0D1AAD213A007915C2 /* libswiftCoreAudio.dylib */,
				83D1DD041AAD1F30007915C2 /* AudioToolbox.framework */,
				83D1DD011AAD1E54007915C2 /* CoreAudio.framework */,
				83D1DCE31AACEF84007915C2 /* FunctionalDSP */,
				83D1DCF01AACEF84007915C2 /* FunctionalDSPTests */,
				83E8D5E31ADDC82A00B3DC9F /* TestPlayback */,
				83E8D5F61ADDC82B00B3DC9F /* TestPlaybackTests */,
				83D1DCE21AACEF84007915C2 /* Products */,
			);
			sourceTree = "<group>";
		};
		83D1DCE21AACEF84007915C2 /* Products */ = {
			isa = PBXGroup;
			children = (
				83D1DCE11AACEF84007915C2 /* FunctionalDSP.framework */,
				83D1DCEC1AACEF84007915C2 /* FunctionalDSPTests.xctest */,
				83E8D5E21ADDC82A00B3DC9F /* TestPlayback.app */,
				83E8D5F31ADDC82A00B3DC9F /* TestPlaybackTests.xctest */,
			);
			name = Products;
			sourceTree = "<group>";
		};
		83D1DCE31AACEF84007915C2 /* FunctionalDSP */ = {
			isa = PBXGroup;
			children = (
				83E8D5DD1ADDC65E00B3DC9F /* PlaybackPlayground.playground */,
				83D1DCE61AACEF84007915C2 /* FunctionalDSP.h */,
				83D1DCE41AACEF84007915C2 /* Supporting Files */,
				83D1DCFD1AACEFA0007915C2 /* FunctionalDSP.swift */,
				83E8D5D71ADD455100B3DC9F /* Blocks.swift */,
				83D1DCFF1AACF1AD007915C2 /* AudioFileIO.swift */,
				83E8D5DB1ADDB4B100B3DC9F /* AudioEngine.swift */,
				83F476FE1AADD14500001FDC /* Utilities.swift */,
			);
			path = FunctionalDSP;
			sourceTree = "<group>";
		};
		83D1DCE41AACEF84007915C2 /* Supporting Files */ = {
			isa = PBXGroup;
			children = (
				83D1DCE51AACEF84007915C2 /* Info.plist */,
			);
			name = "Supporting Files";
			sourceTree = "<group>";
		};
		83D1DCF01AACEF84007915C2 /* FunctionalDSPTests */ = {
			isa = PBXGroup;
			children = (
				83D1DCF31AACEF84007915C2 /* FunctionalDSPTests.swift */,
				83D1DCF11AACEF84007915C2 /* Supporting Files */,
			);
			path = FunctionalDSPTests;
			sourceTree = "<group>";
		};
		83D1DCF11AACEF84007915C2 /* Supporting Files */ = {
			isa = PBXGroup;
			children = (
				83D1DCF21AACEF84007915C2 /* Info.plist */,
			);
			name = "Supporting Files";
			sourceTree = "<group>";
		};
		83E8D5E31ADDC82A00B3DC9F /* TestPlayback */ = {
			isa = PBXGroup;
			children = (
				83E8D5E61ADDC82A00B3DC9F /* AppDelegate.swift */,
				83E8D5E81ADDC82A00B3DC9F /* ViewController.swift */,
				83E8D5EA1ADDC82A00B3DC9F /* Images.xcassets */,
				83E8D5EC1ADDC82A00B3DC9F /* Main.storyboard */,
				83E8D5E41ADDC82A00B3DC9F /* Supporting Files */,
			);
			path = TestPlayback;
			sourceTree = "<group>";
		};
		83E8D5E41ADDC82A00B3DC9F /* Supporting Files */ = {
			isa = PBXGroup;
			children = (
				83E8D5E51ADDC82A00B3DC9F /* Info.plist */,
			);
			name = "Supporting Files";
			sourceTree = "<group>";
		};
		83E8D5F61ADDC82B00B3DC9F /* TestPlaybackTests */ = {
			isa = PBXGroup;
			children = (
				83E8D5F91ADDC82B00B3DC9F /* TestPlaybackTests.swift */,
				83E8D5F71ADDC82B00B3DC9F /* Supporting Files */,
			);
			path = TestPlaybackTests;
			sourceTree = "<group>";
		};
		83E8D5F71ADDC82B00B3DC9F /* Supporting Files */ = {
			isa = PBXGroup;
			children = (
				83E8D5F81ADDC82B00B3DC9F /* Info.plist */,
			);
			name = "Supporting Files";
			sourceTree = "<group>";
		};
/* End PBXGroup section */

/* Begin PBXHeadersBuildPhase section */
		83D1DCDE1AACEF84007915C2 /* Headers */ = {
			isa = PBXHeadersBuildPhase;
			buildActionMask = 2147483647;
			files = (
				83D1DCE71AACEF84007915C2 /* FunctionalDSP.h in Headers */,
			);
			runOnlyForDeploymentPostprocessing = 0;
		};
/* End PBXHeadersBuildPhase section */

/* Begin PBXNativeTarget section */
		83D1DCE01AACEF84007915C2 /* FunctionalDSP */ = {
			isa = PBXNativeTarget;
			buildConfigurationList = 83D1DCF71AACEF84007915C2 /* Build configuration list for PBXNativeTarget "FunctionalDSP" */;
			buildPhases = (
				83D1DCDC1AACEF84007915C2 /* Sources */,
				83D1DCDD1AACEF84007915C2 /* Frameworks */,
				83D1DCDE1AACEF84007915C2 /* Headers */,
				83D1DCDF1AACEF84007915C2 /* Resources */,
			);
			buildRules = (
			);
			dependencies = (
			);
			name = FunctionalDSP;
			productName = FunctionalDSP;
			productReference = 83D1DCE11AACEF84007915C2 /* FunctionalDSP.framework */;
			productType = "com.apple.product-type.framework";
		};
		83D1DCEB1AACEF84007915C2 /* FunctionalDSPTests */ = {
			isa = PBXNativeTarget;
			buildConfigurationList = 83D1DCFA1AACEF84007915C2 /* Build configuration list for PBXNativeTarget "FunctionalDSPTests" */;
			buildPhases = (
				83D1DCE81AACEF84007915C2 /* Sources */,
				83D1DCE91AACEF84007915C2 /* Frameworks */,
				83D1DCEA1AACEF84007915C2 /* Resources */,
				83D1DD0C1AAD212B007915C2 /* CopyFiles */,
			);
			buildRules = (
			);
			dependencies = (
				83D1DCEF1AACEF84007915C2 /* PBXTargetDependency */,
			);
			name = FunctionalDSPTests;
			productName = FunctionalDSPTests;
			productReference = 83D1DCEC1AACEF84007915C2 /* FunctionalDSPTests.xctest */;
			productType = "com.apple.product-type.bundle.unit-test";
		};
		83E8D5E11ADDC82A00B3DC9F /* TestPlayback */ = {
			isa = PBXNativeTarget;
			buildConfigurationList = 83E8D5FB1ADDC82B00B3DC9F /* Build configuration list for PBXNativeTarget "TestPlayback" */;
			buildPhases = (
				83E8D5DE1ADDC82A00B3DC9F /* Sources */,
				83E8D5DF1ADDC82A00B3DC9F /* Frameworks */,
				83E8D5E01ADDC82A00B3DC9F /* Resources */,
			);
			buildRules = (
			);
			dependencies = (
			);
			name = TestPlayback;
			productName = TestPlayback;
			productReference = 83E8D5E21ADDC82A00B3DC9F /* TestPlayback.app */;
			productType = "com.apple.product-type.application";
		};
		83E8D5F21ADDC82A00B3DC9F /* TestPlaybackTests */ = {
			isa = PBXNativeTarget;
			buildConfigurationList = 83E8D5FE1ADDC82B00B3DC9F /* Build configuration list for PBXNativeTarget "TestPlaybackTests" */;
			buildPhases = (
				83E8D5EF1ADDC82A00B3DC9F /* Sources */,
				83E8D5F01ADDC82A00B3DC9F /* Frameworks */,
				83E8D5F11ADDC82A00B3DC9F /* Resources */,
			);
			buildRules = (
			);
			dependencies = (
				83E8D5F51ADDC82A00B3DC9F /* PBXTargetDependency */,
			);
			name = TestPlaybackTests;
			productName = TestPlaybackTests;
			productReference = 83E8D5F31ADDC82A00B3DC9F /* TestPlaybackTests.xctest */;
			productType = "com.apple.product-type.bundle.unit-test";
		};
/* End PBXNativeTarget section */

/* Begin PBXProject section */
		83D1DCD81AACEF83007915C2 /* Project object */ = {
			isa = PBXProject;
			attributes = {
				LastSwiftUpdateCheck = 0700;
				LastUpgradeCheck = 0830;
				ORGANIZATIONNAME = "SuperMegaUltraGroovy, Inc.";
				TargetAttributes = {
					83D1DCE01AACEF84007915C2 = {
						CreatedOnToolsVersion = 6.3;
						LastSwiftMigration = 1000;
					};
					83D1DCEB1AACEF84007915C2 = {
						CreatedOnToolsVersion = 6.3;
						LastSwiftMigration = 1000;
					};
					83E8D5E11ADDC82A00B3DC9F = {
						CreatedOnToolsVersion = 6.3;
					};
					83E8D5F21ADDC82A00B3DC9F = {
						CreatedOnToolsVersion = 6.3;
						TestTargetID = 83E8D5E11ADDC82A00B3DC9F;
					};
				};
			};
			buildConfigurationList = 83D1DCDB1AACEF83007915C2 /* Build configuration list for PBXProject "FunctionalDSP" */;
			compatibilityVersion = "Xcode 3.2";
			developmentRegion = English;
			hasScannedForEncodings = 0;
			knownRegions = (
				en,
				Base,
			);
			mainGroup = 83D1DCD71AACEF83007915C2;
			productRefGroup = 83D1DCE21AACEF84007915C2 /* Products */;
			projectDirPath = "";
			projectRoot = "";
			targets = (
				83D1DCE01AACEF84007915C2 /* FunctionalDSP */,
				83D1DCEB1AACEF84007915C2 /* FunctionalDSPTests */,
				83E8D5E11ADDC82A00B3DC9F /* TestPlayback */,
				83E8D5F21ADDC82A00B3DC9F /* TestPlaybackTests */,
			);
		};
/* End PBXProject section */

/* Begin PBXResourcesBuildPhase section */
		83D1DCDF1AACEF84007915C2 /* Resources */ = {
			isa = PBXResourcesBuildPhase;
			buildActionMask = 2147483647;
			files = (
			);
			runOnlyForDeploymentPostprocessing = 0;
		};
		83D1DCEA1AACEF84007915C2 /* Resources */ = {
			isa = PBXResourcesBuildPhase;
			buildActionMask = 2147483647;
			files = (
			);
			runOnlyForDeploymentPostprocessing = 0;
		};
		83E8D5E01ADDC82A00B3DC9F /* Resources */ = {
			isa = PBXResourcesBuildPhase;
			buildActionMask = 2147483647;
			files = (
				83E8D5EB1ADDC82A00B3DC9F /* Images.xcassets in Resources */,
				83E8D5EE1ADDC82A00B3DC9F /* Main.storyboard in Resources */,
			);
			runOnlyForDeploymentPostprocessing = 0;
		};
		83E8D5F11ADDC82A00B3DC9F /* Resources */ = {
			isa = PBXResourcesBuildPhase;
			buildActionMask = 2147483647;
			files = (
			);
			runOnlyForDeploymentPostprocessing = 0;
		};
/* End PBXResourcesBuildPhase section */

/* Begin PBXSourcesBuildPhase section */
		83D1DCDC1AACEF84007915C2 /* Sources */ = {
			isa = PBXSourcesBuildPhase;
			buildActionMask = 2147483647;
			files = (
				83F476FF1AADD14500001FDC /* Utilities.swift in Sources */,
				83E8D5D81ADD455100B3DC9F /* Blocks.swift in Sources */,
				83E8D5DC1ADDB4B100B3DC9F /* AudioEngine.swift in Sources */,
				83D1DD001AACF1AD007915C2 /* AudioFileIO.swift in Sources */,
				83D1DCFE1AACEFA0007915C2 /* FunctionalDSP.swift in Sources */,
			);
			runOnlyForDeploymentPostprocessing = 0;
		};
		83D1DCE81AACEF84007915C2 /* Sources */ = {
			isa = PBXSourcesBuildPhase;
			buildActionMask = 2147483647;
			files = (
				83D1DCF41AACEF84007915C2 /* FunctionalDSPTests.swift in Sources */,
			);
			runOnlyForDeploymentPostprocessing = 0;
		};
		83E8D5DE1ADDC82A00B3DC9F /* Sources */ = {
			isa = PBXSourcesBuildPhase;
			buildActionMask = 2147483647;
			files = (
				83E8D5E91ADDC82A00B3DC9F /* ViewController.swift in Sources */,
				83E8D5E71ADDC82A00B3DC9F /* AppDelegate.swift in Sources */,
			);
			runOnlyForDeploymentPostprocessing = 0;
		};
		83E8D5EF1ADDC82A00B3DC9F /* Sources */ = {
			isa = PBXSourcesBuildPhase;
			buildActionMask = 2147483647;
			files = (
				83E8D5FA1ADDC82B00B3DC9F /* TestPlaybackTests.swift in Sources */,
			);
			runOnlyForDeploymentPostprocessing = 0;
		};
/* End PBXSourcesBuildPhase section */

/* Begin PBXTargetDependency section */
		83D1DCEF1AACEF84007915C2 /* PBXTargetDependency */ = {
			isa = PBXTargetDependency;
			target = 83D1DCE01AACEF84007915C2 /* FunctionalDSP */;
			targetProxy = 83D1DCEE1AACEF84007915C2 /* PBXContainerItemProxy */;
		};
		83E8D5F51ADDC82A00B3DC9F /* PBXTargetDependency */ = {
			isa = PBXTargetDependency;
			target = 83E8D5E11ADDC82A00B3DC9F /* TestPlayback */;
			targetProxy = 83E8D5F41ADDC82A00B3DC9F /* PBXContainerItemProxy */;
		};
/* End PBXTargetDependency section */

/* Begin PBXVariantGroup section */
		83E8D5EC1ADDC82A00B3DC9F /* Main.storyboard */ = {
			isa = PBXVariantGroup;
			children = (
				83E8D5ED1ADDC82A00B3DC9F /* Base */,
			);
			name = Main.storyboard;
			sourceTree = "<group>";
		};
/* End PBXVariantGroup section */

/* Begin XCBuildConfiguration section */
		83D1DCF51AACEF84007915C2 /* Debug */ = {
			isa = XCBuildConfiguration;
			buildSettings = {
				ALWAYS_SEARCH_USER_PATHS = NO;
				CLANG_CXX_LANGUAGE_STANDARD = "gnu++0x";
				CLANG_CXX_LIBRARY = "libc++";
				CLANG_ENABLE_MODULES = YES;
				CLANG_ENABLE_OBJC_ARC = YES;
				CLANG_WARN_BOOL_CONVERSION = YES;
				CLANG_WARN_CONSTANT_CONVERSION = YES;
				CLANG_WARN_DIRECT_OBJC_ISA_USAGE = YES_ERROR;
				CLANG_WARN_EMPTY_BODY = YES;
				CLANG_WARN_ENUM_CONVERSION = YES;
				CLANG_WARN_INFINITE_RECURSION = YES;
				CLANG_WARN_INT_CONVERSION = YES;
				CLANG_WARN_OBJC_ROOT_CLASS = YES_ERROR;
				CLANG_WARN_SUSPICIOUS_MOVE = YES;
				CLANG_WARN_UNREACHABLE_CODE = YES;
				CLANG_WARN__DUPLICATE_METHOD_MATCH = YES;
				COPY_PHASE_STRIP = NO;
				CURRENT_PROJECT_VERSION = 1;
				DEBUG_INFORMATION_FORMAT = dwarf;
				ENABLE_STRICT_OBJC_MSGSEND = YES;
				ENABLE_TESTABILITY = YES;
				GCC_C_LANGUAGE_STANDARD = gnu99;
				GCC_DYNAMIC_NO_PIC = NO;
				GCC_NO_COMMON_BLOCKS = YES;
				GCC_OPTIMIZATION_LEVEL = 0;
				GCC_PREPROCESSOR_DEFINITIONS = (
					"DEBUG=1",
					"$(inherited)",
				);
				GCC_SYMBOLS_PRIVATE_EXTERN = NO;
				GCC_WARN_64_TO_32_BIT_CONVERSION = YES;
				GCC_WARN_ABOUT_RETURN_TYPE = YES_ERROR;
				GCC_WARN_UNDECLARED_SELECTOR = YES;
				GCC_WARN_UNINITIALIZED_AUTOS = YES_AGGRESSIVE;
				GCC_WARN_UNUSED_FUNCTION = YES;
				GCC_WARN_UNUSED_VARIABLE = YES;
				MACOSX_DEPLOYMENT_TARGET = 10.10;
				MTL_ENABLE_DEBUG_INFO = YES;
				ONLY_ACTIVE_ARCH = YES;
				SDKROOT = macosx;
				SWIFT_OPTIMIZATION_LEVEL = "-Onone";
				VERSIONING_SYSTEM = "apple-generic";
				VERSION_INFO_PREFIX = "";
			};
			name = Debug;
		};
		83D1DCF61AACEF84007915C2 /* Release */ = {
			isa = XCBuildConfiguration;
			buildSettings = {
				ALWAYS_SEARCH_USER_PATHS = NO;
				CLANG_CXX_LANGUAGE_STANDARD = "gnu++0x";
				CLANG_CXX_LIBRARY = "libc++";
				CLANG_ENABLE_MODULES = YES;
				CLANG_ENABLE_OBJC_ARC = YES;
				CLANG_WARN_BOOL_CONVERSION = YES;
				CLANG_WARN_CONSTANT_CONVERSION = YES;
				CLANG_WARN_DIRECT_OBJC_ISA_USAGE = YES_ERROR;
				CLANG_WARN_EMPTY_BODY = YES;
				CLANG_WARN_ENUM_CONVERSION = YES;
				CLANG_WARN_INFINITE_RECURSION = YES;
				CLANG_WARN_INT_CONVERSION = YES;
				CLANG_WARN_OBJC_ROOT_CLASS = YES_ERROR;
				CLANG_WARN_SUSPICIOUS_MOVE = YES;
				CLANG_WARN_UNREACHABLE_CODE = YES;
				CLANG_WARN__DUPLICATE_METHOD_MATCH = YES;
				COPY_PHASE_STRIP = NO;
				CURRENT_PROJECT_VERSION = 1;
				DEBUG_INFORMATION_FORMAT = "dwarf-with-dsym";
				ENABLE_NS_ASSERTIONS = NO;
				ENABLE_STRICT_OBJC_MSGSEND = YES;
				GCC_C_LANGUAGE_STANDARD = gnu99;
				GCC_NO_COMMON_BLOCKS = YES;
				GCC_WARN_64_TO_32_BIT_CONVERSION = YES;
				GCC_WARN_ABOUT_RETURN_TYPE = YES_ERROR;
				GCC_WARN_UNDECLARED_SELECTOR = YES;
				GCC_WARN_UNINITIALIZED_AUTOS = YES_AGGRESSIVE;
				GCC_WARN_UNUSED_FUNCTION = YES;
				GCC_WARN_UNUSED_VARIABLE = YES;
				MACOSX_DEPLOYMENT_TARGET = 10.10;
				MTL_ENABLE_DEBUG_INFO = NO;
				SDKROOT = macosx;
				SWIFT_OPTIMIZATION_LEVEL = "-Owholemodule";
				VERSIONING_SYSTEM = "apple-generic";
				VERSION_INFO_PREFIX = "";
			};
			name = Release;
		};
		83D1DCF81AACEF84007915C2 /* Debug */ = {
			isa = XCBuildConfiguration;
			buildSettings = {
				CLANG_ENABLE_MODULES = YES;
				COMBINE_HIDPI_IMAGES = YES;
				DEFINES_MODULE = YES;
				DYLIB_COMPATIBILITY_VERSION = 1;
				DYLIB_CURRENT_VERSION = 1;
				DYLIB_INSTALL_NAME_BASE = "@rpath";
				FRAMEWORK_VERSION = A;
				INFOPLIST_FILE = FunctionalDSP/Info.plist;
				INSTALL_PATH = "$(LOCAL_LIBRARY_DIR)/Frameworks";
				LD_RUNPATH_SEARCH_PATHS = "$(inherited) @executable_path/../Frameworks @loader_path/Frameworks";
				PRODUCT_NAME = "$(TARGET_NAME)";
				SKIP_INSTALL = YES;
				SWIFT_INSTALL_OBJC_HEADER = NO;
				SWIFT_OPTIMIZATION_LEVEL = "-Onone";
				SWIFT_SWIFT3_OBJC_INFERENCE = On;
				SWIFT_VERSION = 4.2;
			};
			name = Debug;
		};
		83D1DCF91AACEF84007915C2 /* Release */ = {
			isa = XCBuildConfiguration;
			buildSettings = {
				CLANG_ENABLE_MODULES = YES;
				COMBINE_HIDPI_IMAGES = YES;
				DEFINES_MODULE = YES;
				DYLIB_COMPATIBILITY_VERSION = 1;
				DYLIB_CURRENT_VERSION = 1;
				DYLIB_INSTALL_NAME_BASE = "@rpath";
				FRAMEWORK_VERSION = A;
				INFOPLIST_FILE = FunctionalDSP/Info.plist;
				INSTALL_PATH = "$(LOCAL_LIBRARY_DIR)/Frameworks";
				LD_RUNPATH_SEARCH_PATHS = "$(inherited) @executable_path/../Frameworks @loader_path/Frameworks";
				PRODUCT_NAME = "$(TARGET_NAME)";
				SKIP_INSTALL = YES;
				SWIFT_INSTALL_OBJC_HEADER = NO;
				SWIFT_SWIFT3_OBJC_INFERENCE = On;
				SWIFT_VERSION = 4.2;
			};
			name = Release;
		};
		83D1DCFB1AACEF84007915C2 /* Debug */ = {
			isa = XCBuildConfiguration;
			buildSettings = {
				COMBINE_HIDPI_IMAGES = YES;
				FRAMEWORK_SEARCH_PATHS = (
					"$(DEVELOPER_FRAMEWORKS_DIR)",
					"$(inherited)",
				);
				GCC_PREPROCESSOR_DEFINITIONS = (
					"DEBUG=1",
					"$(inherited)",
				);
				INFOPLIST_FILE = FunctionalDSPTests/Info.plist;
				LD_RUNPATH_SEARCH_PATHS = "$(inherited) @executable_path/../Frameworks @loader_path/../Frameworks";
				PRODUCT_BUNDLE_IDENTIFIER = "com.supermegaultragroovy.$(PRODUCT_NAME:rfc1034identifier)";
				PRODUCT_NAME = "$(TARGET_NAME)";
				SWIFT_SWIFT3_OBJC_INFERENCE = On;
				SWIFT_VERSION = 4.2;
			};
			name = Debug;
		};
		83D1DCFC1AACEF84007915C2 /* Release */ = {
			isa = XCBuildConfiguration;
			buildSettings = {
				COMBINE_HIDPI_IMAGES = YES;
				FRAMEWORK_SEARCH_PATHS = (
					"$(DEVELOPER_FRAMEWORKS_DIR)",
					"$(inherited)",
				);
				INFOPLIST_FILE = FunctionalDSPTests/Info.plist;
				LD_RUNPATH_SEARCH_PATHS = "$(inherited) @executable_path/../Frameworks @loader_path/../Frameworks";
				PRODUCT_BUNDLE_IDENTIFIER = "com.supermegaultragroovy.$(PRODUCT_NAME:rfc1034identifier)";
				PRODUCT_NAME = "$(TARGET_NAME)";
				SWIFT_SWIFT3_OBJC_INFERENCE = On;
				SWIFT_VERSION = 4.2;
			};
			name = Release;
		};
		83E8D5FC1ADDC82B00B3DC9F /* Debug */ = {
			isa = XCBuildConfiguration;
			buildSettings = {
				ASSETCATALOG_COMPILER_APPICON_NAME = AppIcon;
				CODE_SIGN_IDENTITY = "-";
				COMBINE_HIDPI_IMAGES = YES;
				GCC_PREPROCESSOR_DEFINITIONS = (
					"DEBUG=1",
					"$(inherited)",
				);
				INFOPLIST_FILE = TestPlayback/Info.plist;
				LD_RUNPATH_SEARCH_PATHS = "$(inherited) @executable_path/../Frameworks";
				PRODUCT_BUNDLE_IDENTIFIER = "com.supermegaultragroovy.$(PRODUCT_NAME:rfc1034identifier)";
				PRODUCT_NAME = "$(TARGET_NAME)";
			};
			name = Debug;
		};
		83E8D5FD1ADDC82B00B3DC9F /* Release */ = {
			isa = XCBuildConfiguration;
			buildSettings = {
				ASSETCATALOG_COMPILER_APPICON_NAME = AppIcon;
				CODE_SIGN_IDENTITY = "-";
				COMBINE_HIDPI_IMAGES = YES;
				INFOPLIST_FILE = TestPlayback/Info.plist;
				LD_RUNPATH_SEARCH_PATHS = "$(inherited) @executable_path/../Frameworks";
				PRODUCT_BUNDLE_IDENTIFIER = "com.supermegaultragroovy.$(PRODUCT_NAME:rfc1034identifier)";
				PRODUCT_NAME = "$(TARGET_NAME)";
			};
			name = Release;
		};
		83E8D5FF1ADDC82B00B3DC9F /* Debug */ = {
			isa = XCBuildConfiguration;
			buildSettings = {
				BUNDLE_LOADER = "$(TEST_HOST)";
				COMBINE_HIDPI_IMAGES = YES;
				FRAMEWORK_SEARCH_PATHS = (
					"$(DEVELOPER_FRAMEWORKS_DIR)",
					"$(inherited)",
				);
				GCC_PREPROCESSOR_DEFINITIONS = (
					"DEBUG=1",
					"$(inherited)",
				);
				INFOPLIST_FILE = TestPlaybackTests/Info.plist;
				LD_RUNPATH_SEARCH_PATHS = "$(inherited) @executable_path/../Frameworks @loader_path/../Frameworks";
				PRODUCT_BUNDLE_IDENTIFIER = "com.supermegaultragroovy.$(PRODUCT_NAME:rfc1034identifier)";
				PRODUCT_NAME = "$(TARGET_NAME)";
				TEST_HOST = "$(BUILT_PRODUCTS_DIR)/TestPlayback.app/Contents/MacOS/TestPlayback";
			};
			name = Debug;
		};
		83E8D6001ADDC82B00B3DC9F /* Release */ = {
			isa = XCBuildConfiguration;
			buildSettings = {
				BUNDLE_LOADER = "$(TEST_HOST)";
				COMBINE_HIDPI_IMAGES = YES;
				FRAMEWORK_SEARCH_PATHS = (
					"$(DEVELOPER_FRAMEWORKS_DIR)",
					"$(inherited)",
				);
				INFOPLIST_FILE = TestPlaybackTests/Info.plist;
				LD_RUNPATH_SEARCH_PATHS = "$(inherited) @executable_path/../Frameworks @loader_path/../Frameworks";
				PRODUCT_BUNDLE_IDENTIFIER = "com.supermegaultragroovy.$(PRODUCT_NAME:rfc1034identifier)";
				PRODUCT_NAME = "$(TARGET_NAME)";
				TEST_HOST = "$(BUILT_PRODUCTS_DIR)/TestPlayback.app/Contents/MacOS/TestPlayback";
			};
			name = Release;
		};
/* End XCBuildConfiguration section */

/* Begin XCConfigurationList section */
		83D1DCDB1AACEF83007915C2 /* Build configuration list for PBXProject "FunctionalDSP" */ = {
			isa = XCConfigurationList;
			buildConfigurations = (
				83D1DCF51AACEF84007915C2 /* Debug */,
				83D1DCF61AACEF84007915C2 /* Release */,
			);
			defaultConfigurationIsVisible = 0;
			defaultConfigurationName = Release;
		};
		83D1DCF71AACEF84007915C2 /* Build configuration list for PBXNativeTarget "FunctionalDSP" */ = {
			isa = XCConfigurationList;
			buildConfigurations = (
				83D1DCF81AACEF84007915C2 /* Debug */,
				83D1DCF91AACEF84007915C2 /* Release */,
			);
			defaultConfigurationIsVisible = 0;
			defaultConfigurationName = Release;
		};
		83D1DCFA1AACEF84007915C2 /* Build configuration list for PBXNativeTarget "FunctionalDSPTests" */ = {
			isa = XCConfigurationList;
			buildConfigurations = (
				83D1DCFB1AACEF84007915C2 /* Debug */,
				83D1DCFC1AACEF84007915C2 /* Release */,
			);
			defaultConfigurationIsVisible = 0;
			defaultConfigurationName = Release;
		};
		83E8D5FB1ADDC82B00B3DC9F /* Build configuration list for PBXNativeTarget "TestPlayback" */ = {
			isa = XCConfigurationList;
			buildConfigurations = (
				83E8D5FC1ADDC82B00B3DC9F /* Debug */,
				83E8D5FD1ADDC82B00B3DC9F /* Release */,
			);
			defaultConfigurationIsVisible = 0;
			defaultConfigurationName = Release;
		};
		83E8D5FE1ADDC82B00B3DC9F /* Build configuration list for PBXNativeTarget "TestPlaybackTests" */ = {
			isa = XCConfigurationList;
			buildConfigurations = (
				83E8D5FF1ADDC82B00B3DC9F /* Debug */,
				83E8D6001ADDC82B00B3DC9F /* Release */,
			);
			defaultConfigurationIsVisible = 0;
			defaultConfigurationName = Release;
		};
/* End XCConfigurationList section */
	};
	rootObject = 83D1DCD81AACEF83007915C2 /* Project object */;
}
